
Microsoft Visual Studio Solution File, Format Version 12.00
# Visual Studio Version 17
VisualStudioVersion = 17.4.33122.133
MinimumVisualStudioVersion = 10.0.40219.1
Project("{FAE04EC0-301F-11D3-BF4B-00C04F79EFBC}") = "Genel Tekrar Uygulaması1", "Genel Tekrar Uygulaması1\Genel Tekrar Uygulaması1.csproj", "{AFCE16E6-8AE9-4C08-BC20-C0A9E6098EA6}"
EndProject
Global
	GlobalSection(SolutionConfigurationPlatforms) = preSolution
		Debug|Any CPU = Debug|Any CPU
		Release|Any CPU = Release|Any CPU
	EndGlobalSection
	GlobalSection(ProjectConfigurationPlatforms) = postSolution
		{AFCE16E6-8AE9-4C08-BC20-C0A9E6098EA6}.Debug|Any CPU.ActiveCfg = Debug|Any CPU
		{AFCE16E6-8AE9-4C08-BC20-C0A9E6098EA6}.Debug|Any CPU.Build.0 = Debug|Any CPU
		{AFCE16E6-8AE9-4C08-BC20-C0A9E6098EA6}.Release|Any CPU.ActiveCfg = Release|Any CPU
		{AFCE16E6-8AE9-4C08-BC20-C0A9E6098EA6}.Release|Any CPU.Build.0 = Release|Any CPU
	EndGlobalSection
	GlobalSection(SolutionProperties) = preSolution
		HideSolutionNode = FALSE
	EndGlobalSection
	GlobalSection(ExtensibilityGlobals) = postSolution
		SolutionGuid = {AE39EDE1-4D2E-471C-AE1A-6477899866B6}
	EndGlobalSection
EndGlobal
